
Microsoft Visual Studio Solution File, Format Version 12.00
# Visual Studio Version 16
VisualStudioVersion = 16.0.31729.503
MinimumVisualStudioVersion = 10.0.40219.1
Project("{FAE04EC0-301F-11D3-BF4B-00C04F79EFBC}") = "AppliWeb", "AppliWeb\AppliWeb.csproj", "{C6F45170-1012-4AF1-8022-3557A1EEDB91}"
EndProject
Project("{FAE04EC0-301F-11D3-BF4B-00C04F79EFBC}") = "Models", "Models\Models.csproj", "{C6BC5D8B-A11E-41A8-AF1E-C84BAE07EF0C}"
EndProject
Project("{FAE04EC0-301F-11D3-BF4B-00C04F79EFBC}") = "ORM", "ORM\ORM.csproj", "{CA610B01-B89D-4761-80C6-095D6461279B}"
EndProject
Global
	GlobalSection(SolutionConfigurationPlatforms) = preSolution
		Debug|Any CPU = Debug|Any CPU
		Release|Any CPU = Release|Any CPU
	EndGlobalSection
	GlobalSection(ProjectConfigurationPlatforms) = postSolution
		{C6F45170-1012-4AF1-8022-3557A1EEDB91}.Debug|Any CPU.ActiveCfg = Debug|Any CPU
		{C6F45170-1012-4AF1-8022-3557A1EEDB91}.Debug|Any CPU.Build.0 = Debug|Any CPU
		{C6F45170-1012-4AF1-8022-3557A1EEDB91}.Release|Any CPU.ActiveCfg = Release|Any CPU
		{C6F45170-1012-4AF1-8022-3557A1EEDB91}.Release|Any CPU.Build.0 = Release|Any CPU
		{C6BC5D8B-A11E-41A8-AF1E-C84BAE07EF0C}.Debug|Any CPU.ActiveCfg = Debug|Any CPU
		{C6BC5D8B-A11E-41A8-AF1E-C84BAE07EF0C}.Debug|Any CPU.Build.0 = Debug|Any CPU
		{C6BC5D8B-A11E-41A8-AF1E-C84BAE07EF0C}.Release|Any CPU.ActiveCfg = Release|Any CPU
		{C6BC5D8B-A11E-41A8-AF1E-C84BAE07EF0C}.Release|Any CPU.Build.0 = Release|Any CPU
		{CA610B01-B89D-4761-80C6-095D6461279B}.Debug|Any CPU.ActiveCfg = Debug|Any CPU
		{CA610B01-B89D-4761-80C6-095D6461279B}.Debug|Any CPU.Build.0 = Debug|Any CPU
		{CA610B01-B89D-4761-80C6-095D6461279B}.Release|Any CPU.ActiveCfg = Release|Any CPU
		{CA610B01-B89D-4761-80C6-095D6461279B}.Release|Any CPU.Build.0 = Release|Any CPU
	EndGlobalSection
	GlobalSection(SolutionProperties) = preSolution
		HideSolutionNode = FALSE
	EndGlobalSection
	GlobalSection(ExtensibilityGlobals) = postSolution
		SolutionGuid = {1762DF43-3374-4A73-9D29-3300D1AB4138}
	EndGlobalSection
EndGlobal
